
Microsoft Visual Studio Solution File, Format Version 12.00
# Visual Studio 15
VisualStudioVersion = 15.0.27703.2042
MinimumVisualStudioVersion = 10.0.40219.1
Project("{9A19103F-16F7-4668-BE54-9A1E7A4F7556}") = "Voxels.Core", "Voxels.Core.csproj", "{EE3BE147-F598-4AAC-B70A-0A59281B485B}"
EndProject
Global
	GlobalSection(SolutionConfigurationPlatforms) = preSolution
		Debug|Any CPU = Debug|Any CPU
		Release|Any CPU = Release|Any CPU
	EndGlobalSection
	GlobalSection(ProjectConfigurationPlatforms) = postSolution
		{EE3BE147-F598-4AAC-B70A-0A59281B485B}.Debug|Any CPU.ActiveCfg = Debug|Any CPU
		{EE3BE147-F598-4AAC-B70A-0A59281B485B}.Debug|Any CPU.Build.0 = Debug|Any CPU
		{EE3BE147-F598-4AAC-B70A-0A59281B485B}.Release|Any CPU.ActiveCfg = Release|Any CPU
		{EE3BE147-F598-4AAC-B70A-0A59281B485B}.Release|Any CPU.Build.0 = Release|Any CPU
	EndGlobalSection
	GlobalSection(SolutionProperties) = preSolution
		HideSolutionNode = FALSE
	EndGlobalSection
	GlobalSection(ExtensibilityGlobals) = postSolution
		SolutionGuid = {EA2FEBA1-0EC6-4B69-90FC-7C6537D1F1CC}
	EndGlobalSection
EndGlobal
